// !$*UTF8*$!
{
	archiveVersion = 1;
	classes = {
	};
	objectVersion = 110;
	objects = {

/* Begin PBXContainerItemProxy section */
		9C40FF473061A398005E020F /* PBXContainerItemProxy */ = {
			isa = PBXContainerItemProxy;
			containerPortal = 9C40FF313061A396005E020F /* Project object */;
			proxyType = 1;
			remoteGlobalIDString = 9C40FF383061A396005E020F;
			remoteInfo = "Calendar Sync";
		};
		9C40FF513061A398005E020F /* PBXContainerItemProxy */ = {
			isa = PBXContainerItemProxy;
			containerPortal = 9C40FF313061A396005E020F /* Project object */;
			proxyType = 1;
			remoteGlobalIDString = 9C40FF383061A396005E020F;
			remoteInfo = "Calendar Sync";
		};
/* End PBXContainerItemProxy section */

/* Begin PBXFileReference section */
		9C40FF393061A396005E020F /* calendar-sync.app */ = {isa = PBXFileReference; explicitFileType = wrapper.application; includeInIndex = 0; path = "calendar-sync.app"; sourceTree = BUILT_PRODUCTS_DIR; };
		9C40FF463061A398005E020F /* Calendar SyncTests.xctest */ = {isa = PBXFileReference; explicitFileType = wrapper.cfbundle; includeInIndex = 0; path = "Calendar SyncTests.xctest"; sourceTree = BUILT_PRODUCTS_DIR; };
		9C40FF503061A398005E020F /* Calendar SyncUITests.xctest */ = {isa = PBXFileReference; explicitFileType = wrapper.cfbundle; includeInIndex = 0; path = "Calendar SyncUITests.xctest"; sourceTree = BUILT_PRODUCTS_DIR; };
/* End PBXFileReference section */

/* Begin PBXFileSystemSynchronizedRootGroup section */
		9C40FF3B3061A396005E020F /* calendar-sync */ = {
			isa = PBXFileSystemSynchronizedRootGroup;
			path = "calendar-sync";
			sourceTree = "<group>";
		};
/* End PBXFileSystemSynchronizedRootGroup section */

/* Begin PBXFrameworksBuildPhase section */
		9C40FF363061A396005E020F /* Frameworks */ = {
			isa = PBXFrameworksBuildPhase;
			files = (
			);
		};
		9C40FF433061A398005E020F /* Frameworks */ = {
			isa = PBXFrameworksBuildPhase;
			files = (
			);
		};
		9C40FF4D3061A398005E020F /* Frameworks */ = {
			isa = PBXFrameworksBuildPhase;
			files = (
			);
		};
/* End PBXFrameworksBuildPhase section */

/* Begin PBXGroup section */
		9C40FF303061A396005E020F = {
			isa = PBXGroup;
			children = (
				9C40FF3B3061A396005E020F /* Calendar Sync */,
				9C40FF3A3061A396005E020F /* Products */,
			);
			sourceTree = "<group>";
		};
		9C40FF3A3061A396005E020F /* Products */ = {
			isa = PBXGroup;
			children = (
				9C40FF393061A396005E020F /* Calendar Sync.app */,
				9C40FF463061A398005E020F /* Calendar SyncTests.xctest */,
				9C40FF503061A398005E020F /* Calendar SyncUITests.xctest */,
			);
			name = Products;
			sourceTree = "<group>";
		};
/* End PBXGroup section */

/* Begin PBXNativeTarget section */
		9C40FF383061A396005E020F /* Calendar Sync */ = {
			isa = PBXNativeTarget;
			buildConfigurationList = 9C40FF583061A398005E020F /* Build configuration list for PBXNativeTarget "Calendar Sync" */;
			buildPhases = (
				9C40FF353061A396005E020F /* Sources */,
				9C40FF363061A396005E020F /* Frameworks */,
				9C40FF373061A396005E020F /* Resources */,
			);
			buildRules = (
			);
			fileSystemSynchronizedGroups = (
				9C40FF3B3061A396005E020F /* calendar-sync */,
			);
			name = "calendar-sync";
			productName = "calendar-sync";
			productReference = 9C40FF393061A396005E020F /* calendar-sync.app */;
			productType = "com.apple.product-type.application";
		};
		9C40FF453061A398005E020F /* Calendar SyncTests */ = {
			isa = PBXNativeTarget;
			buildConfigurationList = 9C40FF5B3061A398005E020F /* Build configuration list for PBXNativeTarget "Calendar SyncTests" */;
			buildPhases = (
				9C40FF423061A398005E020F /* Sources */,
				9C40FF433061A398005E020F /* Frameworks */,
				9C40FF443061A398005E020F /* Resources */,
			);
			buildRules = (
			);
			dependencies = (
				9C40FF483061A398005E020F /* PBXTargetDependency */,
			);
			name = "Calendar SyncTests";
			productName = "Calendar SyncTests";
			productReference = 9C40FF463061A398005E020F /* Calendar SyncTests.xctest */;
			productType = "com.apple.product-type.bundle.unit-test";
		};
		9C40FF4F3061A398005E020F /* Calendar SyncUITests */ = {
			isa = PBXNativeTarget;
			buildConfigurationList = 9C40FF5E3061A398005E020F /* Build configuration list for PBXNativeTarget "Calendar SyncUITests" */;
			buildPhases = (
				9C40FF4C3061A398005E020F /* Sources */,
				9C40FF4D3061A398005E020F /* Frameworks */,
				9C40FF4E3061A398005E020F /* Resources */,
			);
			buildRules = (
			);
			dependencies = (
				9C40FF523061A398005E020F /* PBXTargetDependency */,
			);
			name = "Calendar SyncUITests";
			productName = "Calendar SyncUITests";
			productReference = 9C40FF503061A398005E020F /* Calendar SyncUITests.xctest */;
			productType = "com.apple.product-type.bundle.ui-testing";
		};
/* End PBXNativeTarget section */

/* Begin PBXProject section */
		9C40FF313061A396005E020F /* Project object */ = {
			isa = PBXProject;
			attributes = {
				BuildIndependentTargetsInParallel = 1;
				LastSwiftUpdateCheck = 2700;
				LastUpgradeCheck = 2700;
				TargetAttributes = {
					9C40FF383061A396005E020F = {
						CreatedOnToolsVersion = 27.0;
					};
					9C40FF453061A398005E020F = {
						CreatedOnToolsVersion = 27.0;
						TestTargetID = 9C40FF383061A396005E020F;
					};
					9C40FF4F3061A398005E020F = {
						CreatedOnToolsVersion = 27.0;
						TestTargetID = 9C40FF383061A396005E020F;
					};
				};
			};
			buildConfigurationList = 9C40FF343061A396005E020F /* Build configuration list for PBXProject "Calendar Sync" */;
			developmentRegion = en;
			hasScannedForEncodings = 0;
			knownRegions = (
				en,
				Base,
			);
			mainGroup = 9C40FF303061A396005E020F;
			minimizedProjectReferenceProxies = 1;
			preferredProjectObjectVersion = 77;
			productRefGroup = 9C40FF3A3061A396005E020F /* Products */;
			projectDirPath = "";
			projectRoot = "";
			targets = (
				9C40FF383061A396005E020F /* Calendar Sync */,
				9C40FF453061A398005E020F /* Calendar SyncTests */,
				9C40FF4F3061A398005E020F /* Calendar SyncUITests */,
			);
		};
/* End PBXProject section */

/* Begin PBXResourcesBuildPhase section */
		9C40FF373061A396005E020F /* Resources */ = {
			isa = PBXResourcesBuildPhase;
			files = (
			);
		};
		9C40FF443061A398005E020F /* Resources */ = {
			isa = PBXResourcesBuildPhase;
			files = (
			);
		};
		9C40FF4E3061A398005E020F /* Resources */ = {
			isa = PBXResourcesBuildPhase;
			files = (
			);
		};
/* End PBXResourcesBuildPhase section */

/* Begin PBXSourcesBuildPhase section */
		9C40FF353061A396005E020F /* Sources */ = {
			isa = PBXSourcesBuildPhase;
			files = (
			);
		};
		9C40FF423061A398005E020F /* Sources */ = {
			isa = PBXSourcesBuildPhase;
			files = (
			);
		};
		9C40FF4C3061A398005E020F /* Sources */ = {
			isa = PBXSourcesBuildPhase;
			files = (
			);
		};
/* End PBXSourcesBuildPhase section */

/* Begin PBXTargetDependency section */
		9C40FF483061A398005E020F /* PBXTargetDependency */ = {
			isa = PBXTargetDependency;
			target = 9C40FF383061A396005E020F /* Calendar Sync */;
			targetProxy = 9C40FF473061A398005E020F /* PBXContainerItemProxy */;
		};
		9C40FF523061A398005E020F /* PBXTargetDependency */ = {
			isa = PBXTargetDependency;
			target = 9C40FF383061A396005E020F /* Calendar Sync */;
			targetProxy = 9C40FF513061A398005E020F /* PBXContainerItemProxy */;
		};
/* End PBXTargetDependency section */

/* Begin XCBuildConfiguration section */
		9C40FF563061A398005E020F /* Debug configuration for PBXProject "Calendar Sync" */ = {
			isa = XCBuildConfiguration;
			buildSettings = {
				ALWAYS_SEARCH_USER_PATHS = NO;
				ASSETCATALOG_COMPILER_GENERATE_SWIFT_ASSET_SYMBOL_EXTENSIONS = YES;
				CLANG_ANALYZER_NONNULL = YES;
				CLANG_ANALYZER_NUMBER_OBJECT_CONVERSION = YES_AGGRESSIVE;
				CLANG_CXX_LANGUAGE_STANDARD = "gnu++20";
				CLANG_ENABLE_MODULES = YES;
				CLANG_ENABLE_OBJC_ARC = YES;
				CLANG_ENABLE_OBJC_WEAK = YES;
				CLANG_WARN_BLOCK_CAPTURE_AUTORELEASING = YES;
				CLANG_WARN_BOOL_CONVERSION = YES;
				CLANG_WARN_COMMA = YES;
				CLANG_WARN_CONSTANT_CONVERSION = YES;
				CLANG_WARN_DEPRECATED_OBJC_IMPLEMENTATIONS = YES;
				CLANG_WARN_DIRECT_OBJC_ISA_USAGE = YES_ERROR;
				CLANG_WARN_DOCUMENTATION_COMMENTS = YES;
				CLANG_WARN_EMPTY_BODY = YES;
				CLANG_WARN_ENUM_CONVERSION = YES;
				CLANG_WARN_INFINITE_RECURSION = YES;
				CLANG_WARN_INT_CONVERSION = YES;
				CLANG_WARN_NON_LITERAL_NULL_CONVERSION = YES;
				CLANG_WARN_OBJC_IMPLICIT_RETAIN_SELF = YES;
				CLANG_WARN_OBJC_LITERAL_CONVERSION = YES;
				CLANG_WARN_OBJC_ROOT_CLASS = YES_ERROR;
				CLANG_WARN_QUOTED_INCLUDE_IN_FRAMEWORK_HEADER = YES;
				CLANG_WARN_RANGE_LOOP_ANALYSIS = YES;
				CLANG_WARN_STRICT_PROTOTYPES = YES;
				CLANG_WARN_SUSPICIOUS_MOVE = YES;
				CLANG_WARN_UNGUARDED_AVAILABILITY = YES_AGGRESSIVE;
				CLANG_WARN_UNREACHABLE_CODE = YES;
				CLANG_WARN__DUPLICATE_METHOD_MATCH = YES;
				COPY_PHASE_STRIP = NO;
				DEBUG_INFORMATION_FORMAT = dwarf;
				ENABLE_STRICT_OBJC_MSGSEND = YES;
				ENABLE_TESTABILITY = YES;
				ENABLE_USER_SCRIPT_SANDBOXING = YES;
				GCC_C_LANGUAGE_STANDARD = gnu17;
				GCC_DYNAMIC_NO_PIC = NO;
				GCC_NO_COMMON_BLOCKS = YES;
				GCC_OPTIMIZATION_LEVEL = 0;
				GCC_PREPROCESSOR_DEFINITIONS = (
					"DEBUG=1",
					"$(inherited)",
				);
				GCC_WARN_64_TO_32_BIT_CONVERSION = YES;
				GCC_WARN_ABOUT_RETURN_TYPE = YES_ERROR;
				GCC_WARN_UNDECLARED_SELECTOR = YES;
				GCC_WARN_UNINITIALIZED_AUTOS = YES_AGGRESSIVE;
				GCC_WARN_UNUSED_FUNCTION = YES;
				GCC_WARN_UNUSED_VARIABLE = YES;
				LOCALIZATION_PREFERS_STRING_CATALOGS = YES;
				MACOSX_DEPLOYMENT_TARGET = 26.6;
				MTL_ENABLE_DEBUG_INFO = INCLUDE_SOURCE;
				MTL_FAST_MATH = YES;
				ONLY_ACTIVE_ARCH = YES;
				SDKROOT = macosx;
				SWIFT_ACTIVE_COMPILATION_CONDITIONS = "DEBUG $(inherited)";
				SWIFT_OPTIMIZATION_LEVEL = "-Onone";
			};
			name = Debug;
		};
		9C40FF573061A398005E020F /* Release configuration for PBXProject "Calendar Sync" */ = {
			isa = XCBuildConfiguration;
			buildSettings = {
				ALWAYS_SEARCH_USER_PATHS = NO;
				ASSETCATALOG_COMPILER_GENERATE_SWIFT_ASSET_SYMBOL_EXTENSIONS = YES;
				CLANG_ANALYZER_NONNULL = YES;
				CLANG_ANALYZER_NUMBER_OBJECT_CONVERSION = YES_AGGRESSIVE;
				CLANG_CXX_LANGUAGE_STANDARD = "gnu++20";
				CLANG_ENABLE_MODULES = YES;
				CLANG_ENABLE_OBJC_ARC = YES;
				CLANG_ENABLE_OBJC_WEAK = YES;
				CLANG_WARN_BLOCK_CAPTURE_AUTORELEASING = YES;
				CLANG_WARN_BOOL_CONVERSION = YES;
				CLANG_WARN_COMMA = YES;
				CLANG_WARN_CONSTANT_CONVERSION = YES;
				CLANG_WARN_DEPRECATED_OBJC_IMPLEMENTATIONS = YES;
				CLANG_WARN_DIRECT_OBJC_ISA_USAGE = YES_ERROR;
				CLANG_WARN_DOCUMENTATION_COMMENTS = YES;
				CLANG_WARN_EMPTY_BODY = YES;
				CLANG_WARN_ENUM_CONVERSION = YES;
				CLANG_WARN_INFINITE_RECURSION = YES;
				CLANG_WARN_INT_CONVERSION = YES;
				CLANG_WARN_NON_LITERAL_NULL_CONVERSION = YES;
				CLANG_WARN_OBJC_IMPLICIT_RETAIN_SELF = YES;
				CLANG_WARN_OBJC_LITERAL_CONVERSION = YES;
				CLANG_WARN_OBJC_ROOT_CLASS = YES_ERROR;
				CLANG_WARN_QUOTED_INCLUDE_IN_FRAMEWORK_HEADER = YES;
				CLANG_WARN_RANGE_LOOP_ANALYSIS = YES;
				CLANG_WARN_STRICT_PROTOTYPES = YES;
				CLANG_WARN_SUSPICIOUS_MOVE = YES;
				CLANG_WARN_UNGUARDED_AVAILABILITY = YES_AGGRESSIVE;
				CLANG_WARN_UNREACHABLE_CODE = YES;
				CLANG_WARN__DUPLICATE_METHOD_MATCH = YES;
				COPY_PHASE_STRIP = NO;
				DEBUG_INFORMATION_FORMAT = "dwarf-with-dsym";
				ENABLE_NS_ASSERTIONS = NO;
				ENABLE_STRICT_OBJC_MSGSEND = YES;
				ENABLE_USER_SCRIPT_SANDBOXING = YES;
				GCC_C_LANGUAGE_STANDARD = gnu17;
				GCC_NO_COMMON_BLOCKS = YES;
				GCC_WARN_64_TO_32_BIT_CONVERSION = YES;
				GCC_WARN_ABOUT_RETURN_TYPE = YES_ERROR;
				GCC_WARN_UNDECLARED_SELECTOR = YES;
				GCC_WARN_UNINITIALIZED_AUTOS = YES_AGGRESSIVE;
				GCC_WARN_UNUSED_FUNCTION = YES;
				GCC_WARN_UNUSED_VARIABLE = YES;
				LOCALIZATION_PREFERS_STRING_CATALOGS = YES;
				MACOSX_DEPLOYMENT_TARGET = 26.6;
				MTL_ENABLE_DEBUG_INFO = NO;
				MTL_FAST_MATH = YES;
				SDKROOT = macosx;
				SWIFT_COMPILATION_MODE = wholemodule;
			};
			name = Release;
		};
		9C40FF593061A398005E020F /* Debug configuration for PBXNativeTarget "Calendar Sync" */ = {
			isa = XCBuildConfiguration;
			buildSettings = {
				ASSETCATALOG_COMPILER_APPICON_NAME = AppIcon;
				ASSETCATALOG_COMPILER_GLOBAL_ACCENT_COLOR_NAME = AccentColor;
				CODE_SIGN_STYLE = Automatic;
				COMBINE_HIDPI_IMAGES = YES;
				CURRENT_PROJECT_VERSION = 1;
				ENABLE_APP_SANDBOX = NO;
				ENABLE_CODE_COVERAGE = NO;
				ENABLE_PREVIEWS = YES;
				ENABLE_USER_SELECTED_FILES = readonly;
				GENERATE_INFOPLIST_FILE = YES;
				INFOPLIST_KEY_NSHumanReadableCopyright = "";
				LD_RUNPATH_SEARCH_PATHS = (
					"$(inherited)",
					"@executable_path/../Frameworks",
				);
				MARKETING_VERSION = 1.0;
				PRODUCT_BUNDLE_IDENTIFIER = "com.jondaley.Calendar-Sync";
				PRODUCT_NAME = "$(TARGET_NAME)";
				REGISTER_APP_GROUPS = YES;
				STRING_CATALOG_GENERATE_SYMBOLS = YES;
				SWIFT_APPROACHABLE_CONCURRENCY = YES;
				SWIFT_DEFAULT_ACTOR_ISOLATION = MainActor;
				SWIFT_EMIT_LOC_STRINGS = YES;
				SWIFT_UPCOMING_FEATURE_MEMBER_IMPORT_VISIBILITY = YES;
				SWIFT_VERSION = 5.0;
			};
			name = Debug;
		};
		9C40FF5A3061A398005E020F /* Release configuration for PBXNativeTarget "Calendar Sync" */ = {
			isa = XCBuildConfiguration;
			buildSettings = {
				ASSETCATALOG_COMPILER_APPICON_NAME = AppIcon;
				ASSETCATALOG_COMPILER_GLOBAL_ACCENT_COLOR_NAME = AccentColor;
				CODE_SIGN_STYLE = Automatic;
				COMBINE_HIDPI_IMAGES = YES;
				CURRENT_PROJECT_VERSION = 1;
				ENABLE_APP_SANDBOX = NO;
				ENABLE_CODE_COVERAGE = NO;
				ENABLE_PREVIEWS = YES;
				ENABLE_USER_SELECTED_FILES = readonly;
				GENERATE_INFOPLIST_FILE = YES;
				INFOPLIST_KEY_NSHumanReadableCopyright = "";
				LD_RUNPATH_SEARCH_PATHS = (
					"$(inherited)",
					"@executable_path/../Frameworks",
				);
				MARKETING_VERSION = 1.0;
				PRODUCT_BUNDLE_IDENTIFIER = "com.jondaley.Calendar-Sync";
				PRODUCT_NAME = "$(TARGET_NAME)";
				REGISTER_APP_GROUPS = YES;
				STRING_CATALOG_GENERATE_SYMBOLS = YES;
				SWIFT_APPROACHABLE_CONCURRENCY = YES;
				SWIFT_DEFAULT_ACTOR_ISOLATION = MainActor;
				SWIFT_EMIT_LOC_STRINGS = YES;
				SWIFT_UPCOMING_FEATURE_MEMBER_IMPORT_VISIBILITY = YES;
				SWIFT_VERSION = 5.0;
			};
			name = Release;
		};
		9C40FF5C3061A398005E020F /* Debug configuration for PBXNativeTarget "Calendar SyncTests" */ = {
			isa = XCBuildConfiguration;
			buildSettings = {
				BUNDLE_LOADER = "$(TEST_HOST)";
				CODE_SIGN_STYLE = Automatic;
				CURRENT_PROJECT_VERSION = 1;
				GENERATE_INFOPLIST_FILE = YES;
				MACOSX_DEPLOYMENT_TARGET = 26.6;
				MARKETING_VERSION = 1.0;
				PRODUCT_BUNDLE_IDENTIFIER = "com.jondaley.Calendar-SyncTests";
				PRODUCT_NAME = "$(TARGET_NAME)";
				STRING_CATALOG_GENERATE_SYMBOLS = NO;
				SWIFT_APPROACHABLE_CONCURRENCY = YES;
				SWIFT_EMIT_LOC_STRINGS = NO;
				SWIFT_UPCOMING_FEATURE_MEMBER_IMPORT_VISIBILITY = YES;
				SWIFT_VERSION = 5.0;
				TEST_HOST = "$(BUILT_PRODUCTS_DIR)/Calendar Sync.app/$(BUNDLE_EXECUTABLE_FOLDER_PATH)/Calendar Sync";
			};
			name = Debug;
		};
		9C40FF5D3061A398005E020F /* Release configuration for PBXNativeTarget "Calendar SyncTests" */ = {
			isa = XCBuildConfiguration;
			buildSettings = {
				BUNDLE_LOADER = "$(TEST_HOST)";
				CODE_SIGN_STYLE = Automatic;
				CURRENT_PROJECT_VERSION = 1;
				GENERATE_INFOPLIST_FILE = YES;
				MACOSX_DEPLOYMENT_TARGET = 26.6;
				MARKETING_VERSION = 1.0;
				PRODUCT_BUNDLE_IDENTIFIER = "com.jondaley.Calendar-SyncTests";
				PRODUCT_NAME = "$(TARGET_NAME)";
				STRING_CATALOG_GENERATE_SYMBOLS = NO;
				SWIFT_APPROACHABLE_CONCURRENCY = YES;
				SWIFT_EMIT_LOC_STRINGS = NO;
				SWIFT_UPCOMING_FEATURE_MEMBER_IMPORT_VISIBILITY = YES;
				SWIFT_VERSION = 5.0;
				TEST_HOST = "$(BUILT_PRODUCTS_DIR)/Calendar Sync.app/$(BUNDLE_EXECUTABLE_FOLDER_PATH)/Calendar Sync";
			};
			name = Release;
		};
		9C40FF5F3061A398005E020F /* Debug configuration for PBXNativeTarget "Calendar SyncUITests" */ = {
			isa = XCBuildConfiguration;
			buildSettings = {
				CODE_SIGN_STYLE = Automatic;
				CURRENT_PROJECT_VERSION = 1;
				GENERATE_INFOPLIST_FILE = YES;
				MARKETING_VERSION = 1.0;
				PRODUCT_BUNDLE_IDENTIFIER = "com.jondaley.Calendar-SyncUITests";
				PRODUCT_NAME = "$(TARGET_NAME)";
				STRING_CATALOG_GENERATE_SYMBOLS = NO;
				SWIFT_APPROACHABLE_CONCURRENCY = YES;
				SWIFT_EMIT_LOC_STRINGS = NO;
				SWIFT_UPCOMING_FEATURE_MEMBER_IMPORT_VISIBILITY = YES;
				SWIFT_VERSION = 5.0;
				TEST_TARGET_NAME = "Calendar Sync";
			};
			name = Debug;
		};
		9C40FF603061A398005E020F /* Release configuration for PBXNativeTarget "Calendar SyncUITests" */ = {
			isa = XCBuildConfiguration;
			buildSettings = {
				CODE_SIGN_STYLE = Automatic;
				CURRENT_PROJECT_VERSION = 1;
				GENERATE_INFOPLIST_FILE = YES;
				MARKETING_VERSION = 1.0;
				PRODUCT_BUNDLE_IDENTIFIER = "com.jondaley.Calendar-SyncUITests";
				PRODUCT_NAME = "$(TARGET_NAME)";
				STRING_CATALOG_GENERATE_SYMBOLS = NO;
				SWIFT_APPROACHABLE_CONCURRENCY = YES;
				SWIFT_EMIT_LOC_STRINGS = NO;
				SWIFT_UPCOMING_FEATURE_MEMBER_IMPORT_VISIBILITY = YES;
				SWIFT_VERSION = 5.0;
				TEST_TARGET_NAME = "Calendar Sync";
			};
			name = Release;
		};
/* End XCBuildConfiguration section */

/* Begin XCConfigurationList section */
		9C40FF343061A396005E020F /* Build configuration list for PBXProject "Calendar Sync" */ = {
			isa = XCConfigurationList;
			buildConfigurations = (
				9C40FF563061A398005E020F /* Debug configuration for PBXProject "Calendar Sync" */,
				9C40FF573061A398005E020F /* Release configuration for PBXProject "Calendar Sync" */,
			);
			defaultConfigurationName = Release;
		};
		9C40FF583061A398005E020F /* Build configuration list for PBXNativeTarget "Calendar Sync" */ = {
			isa = XCConfigurationList;
			buildConfigurations = (
				9C40FF593061A398005E020F /* Debug configuration for PBXNativeTarget "Calendar Sync" */,
				9C40FF5A3061A398005E020F /* Release configuration for PBXNativeTarget "Calendar Sync" */,
			);
			defaultConfigurationName = Release;
		};
		9C40FF5B3061A398005E020F /* Build configuration list for PBXNativeTarget "Calendar SyncTests" */ = {
			isa = XCConfigurationList;
			buildConfigurations = (
				9C40FF5C3061A398005E020F /* Debug configuration for PBXNativeTarget "Calendar SyncTests" */,
				9C40FF5D3061A398005E020F /* Release configuration for PBXNativeTarget "Calendar SyncTests" */,
			);
			defaultConfigurationName = Release;
		};
		9C40FF5E3061A398005E020F /* Build configuration list for PBXNativeTarget "Calendar SyncUITests" */ = {
			isa = XCConfigurationList;
			buildConfigurations = (
				9C40FF5F3061A398005E020F /* Debug configuration for PBXNativeTarget "Calendar SyncUITests" */,
				9C40FF603061A398005E020F /* Release configuration for PBXNativeTarget "Calendar SyncUITests" */,
			);
			defaultConfigurationName = Release;
		};
/* End XCConfigurationList section */
	};
	rootObject = 9C40FF313061A396005E020F /* Project object */;
	validationLevel = 1;
}
